
Microsoft Visual Studio Solution File, Format Version 12.00
# Visual Studio 15
VisualStudioVersion = 15.0.27130.2003
MinimumVisualStudioVersion = 10.0.40219.1
Project("{FAE04EC0-301F-11D3-BF4B-00C04F79EFBC}") = "Angular2Demo", "Angular2Demo\Angular2Demo.csproj", "{84EFAA99-1AFF-4D95-8CB9-C0B92DCF3A58}"
EndProject
Project("{FAE04EC0-301F-11D3-BF4B-00C04F79EFBC}") = "EmployeeWebAPIService", "EmployeeWebAPIService\EmployeeWebAPIService.csproj", "{AE6132A9-4F35-4ED5-8A7C-AD12406EF4C3}"
EndProject
Global
	GlobalSection(SolutionConfigurationPlatforms) = preSolution
		Debug|Any CPU = Debug|Any CPU
		Release|Any CPU = Release|Any CPU
	EndGlobalSection
	GlobalSection(ProjectConfigurationPlatforms) = postSolution
		{84EFAA99-1AFF-4D95-8CB9-C0B92DCF3A58}.Debug|Any CPU.ActiveCfg = Debug|Any CPU
		{84EFAA99-1AFF-4D95-8CB9-C0B92DCF3A58}.Debug|Any CPU.Build.0 = Debug|Any CPU
		{84EFAA99-1AFF-4D95-8CB9-C0B92DCF3A58}.Release|Any CPU.ActiveCfg = Release|Any CPU
		{84EFAA99-1AFF-4D95-8CB9-C0B92DCF3A58}.Release|Any CPU.Build.0 = Release|Any CPU
		{AE6132A9-4F35-4ED5-8A7C-AD12406EF4C3}.Debug|Any CPU.ActiveCfg = Debug|Any CPU
		{AE6132A9-4F35-4ED5-8A7C-AD12406EF4C3}.Debug|Any CPU.Build.0 = Debug|Any CPU
		{AE6132A9-4F35-4ED5-8A7C-AD12406EF4C3}.Release|Any CPU.ActiveCfg = Release|Any CPU
		{AE6132A9-4F35-4ED5-8A7C-AD12406EF4C3}.Release|Any CPU.Build.0 = Release|Any CPU
	EndGlobalSection
	GlobalSection(SolutionProperties) = preSolution
		HideSolutionNode = FALSE
	EndGlobalSection
	GlobalSection(ExtensibilityGlobals) = postSolution
		SolutionGuid = {A311F869-1F19-4222-9F69-DCF20B97E06A}
	EndGlobalSection
EndGlobal
